// !$*UTF8*$!
{
	archiveVersion = 1;
	classes = {
	};
	objectVersion = 46;
	objects = {

/* Begin PBXBuildFile section */
		3A34FF6A1CB507C7002421F4 /* main.m in Sources */ = {isa = PBXBuildFile; fileRef = 3A34FF691CB507C7002421F4 /* main.m */; };
		3A34FF6D1CB507C7002421F4 /* AppDelegate.m in Sources */ = {isa = PBXBuildFile; fileRef = 3A34FF6C1CB507C7002421F4 /* AppDelegate.m */; };
		3A34FF701CB507C7002421F4 /* ViewController.m in Sources */ = {isa = PBXBuildFile; fileRef = 3A34FF6F1CB507C7002421F4 /* ViewController.m */; };
		3A34FF731CB507C7002421F4 /* Main.storyboard in Resources */ = {isa = PBXBuildFile; fileRef = 3A34FF711CB507C7002421F4 /* Main.storyboard */; };
		3A34FF751CB507C7002421F4 /* Assets.xcassets in Resources */ = {isa = PBXBuildFile; fileRef = 3A34FF741CB507C7002421F4 /* Assets.xcassets */; };
		3A34FF781CB507C7002421F4 /* LaunchScreen.storyboard in Resources */ = {isa = PBXBuildFile; fileRef = 3A34FF761CB507C7002421F4 /* LaunchScreen.storyboard */; };
		3A4AA2D01CC73178001F2F96 /* TouchView.m in Sources */ = {isa = PBXBuildFile; fileRef = 3A4AA2CF1CC73178001F2F96 /* TouchView.m */; };
		3A5B40431CB606FA00A8C876 /* MaskView.m in Sources */ = {isa = PBXBuildFile; fileRef = 3A5B40421CB606FA00A8C876 /* MaskView.m */; };
/* End PBXBuildFile section */

/* Begin PBXFileReference section */
		3A34FF651CB507C7002421F4 /* DrawDemo.app */ = {isa = PBXFileReference; explicitFileType = wrapper.application; includeInIndex = 0; path = DrawDemo.app; sourceTree = BUILT_PRODUCTS_DIR; };
		3A34FF691CB507C7002421F4 /* main.m */ = {isa = PBXFileReference; lastKnownFileType = sourcecode.c.objc; path = main.m; sourceTree = "<group>"; };
		3A34FF6B1CB507C7002421F4 /* AppDelegate.h */ = {isa = PBXFileReference; lastKnownFileType = sourcecode.c.h; path = AppDelegate.h; sourceTree = "<group>"; };
		3A34FF6C1CB507C7002421F4 /* AppDelegate.m */ = {isa = PBXFileReference; lastKnownFileType = sourcecode.c.objc; path = AppDelegate.m; sourceTree = "<group>"; };
		3A34FF6E1CB507C7002421F4 /* ViewController.h */ = {isa = PBXFileReference; lastKnownFileType = sourcecode.c.h; path = ViewController.h; sourceTree = "<group>"; };
		3A34FF6F1CB507C7002421F4 /* ViewController.m */ = {isa = PBXFileReference; lastKnownFileType = sourcecode.c.objc; path = ViewController.m; sourceTree = "<group>"; };
		3A34FF721CB507C7002421F4 /* Base */ = {isa = PBXFileReference; lastKnownFileType = file.storyboard; name = Base; path = Base.lproj/Main.storyboard; sourceTree = "<group>"; };
		3A34FF741CB507C7002421F4 /* Assets.xcassets */ = {isa = PBXFileReference; lastKnownFileType = folder.assetcatalog; path = Assets.xcassets; sourceTree = "<group>"; };
		3A34FF771CB507C7002421F4 /* Base */ = {isa = PBXFileReference; lastKnownFileType = file.storyboard; name = Base; path = Base.lproj/LaunchScreen.storyboard; sourceTree = "<group>"; };
		3A34FF791CB507C7002421F4 /* Info.plist */ = {isa = PBXFileReference; lastKnownFileType = text.plist.xml; path = Info.plist; sourceTree = "<group>"; };
		3A4AA2CE1CC73178001F2F96 /* TouchView.h */ = {isa = PBXFileReference; fileEncoding = 4; lastKnownFileType = sourcecode.c.h; path = TouchView.h; sourceTree = "<group>"; };
		3A4AA2CF1CC73178001F2F96 /* TouchView.m */ = {isa = PBXFileReference; fileEncoding = 4; lastKnownFileType = sourcecode.c.objc; path = TouchView.m; sourceTree = "<group>"; };
		3A5B40411CB606FA00A8C876 /* MaskView.h */ = {isa = PBXFileReference; fileEncoding = 4; lastKnownFileType = sourcecode.c.h; path = MaskView.h; sourceTree = "<group>"; };
		3A5B40421CB606FA00A8C876 /* MaskView.m */ = {isa = PBXFileReference; fileEncoding = 4; lastKnownFileType = sourcecode.c.objc; path = MaskView.m; sourceTree = "<group>"; };
/* End PBXFileReference section */

/* Begin PBXFrameworksBuildPhase section */
		3A34FF621CB507C7002421F4 /* Frameworks */ = {
			isa = PBXFrameworksBuildPhase;
			buildActionMask = 2147483647;
			files = (
			);
			runOnlyForDeploymentPostprocessing = 0;
		};
/* End PBXFrameworksBuildPhase section */

/* Begin PBXGroup section */
		3A34FF5C1CB507C7002421F4 = {
			isa = PBXGroup;
			children = (
				3A34FF671CB507C7002421F4 /* DrawDemo */,
				3A34FF661CB507C7002421F4 /* Products */,
			);
			sourceTree = "<group>";
		};
		3A34FF661CB507C7002421F4 /* Products */ = {
			isa = PBXGroup;
			children = (
				3A34FF651CB507C7002421F4 /* DrawDemo.app */,
			);
			name = Products;
			sourceTree = "<group>";
		};
		3A34FF671CB507C7002421F4 /* DrawDemo */ = {
			isa = PBXGroup;
			children = (
				3A34FF6B1CB507C7002421F4 /* AppDelegate.h */,
				3A34FF6C1CB507C7002421F4 /* AppDelegate.m */,
				3A34FF6E1CB507C7002421F4 /* ViewController.h */,
				3A34FF6F1CB507C7002421F4 /* ViewController.m */,
				3A5B40411CB606FA00A8C876 /* MaskView.h */,
				3A5B40421CB606FA00A8C876 /* MaskView.m */,
				3A4AA2CE1CC73178001F2F96 /* TouchView.h */,
				3A4AA2CF1CC73178001F2F96 /* TouchView.m */,
				3A34FF711CB507C7002421F4 /* Main.storyboard */,
				3A34FF741CB507C7002421F4 /* Assets.xcassets */,
				3A34FF761CB507C7002421F4 /* LaunchScreen.storyboard */,
				3A34FF791CB507C7002421F4 /* Info.plist */,
				3A34FF681CB507C7002421F4 /* Supporting Files */,
			);
			path = DrawDemo;
			sourceTree = "<group>";
		};
		3A34FF681CB507C7002421F4 /* Supporting Files */ = {
			isa = PBXGroup;
			children = (
				3A34FF691CB507C7002421F4 /* main.m */,
			);
			name = "Supporting Files";
			sourceTree = "<group>";
		};
/* End PBXGroup section */

/* Begin PBXNativeTarget section */
		3A34FF641CB507C7002421F4 /* DrawDemo */ = {
			isa = PBXNativeTarget;
			buildConfigurationList = 3A34FF921CB507C7002421F4 /* Build configuration list for PBXNativeTarget "DrawDemo" */;
			buildPhases = (
				3A34FF611CB507C7002421F4 /* Sources */,
				3A34FF621CB507C7002421F4 /* Frameworks */,
				3A34FF631CB507C7002421F4 /* Resources */,
			);
			buildRules = (
			);
			dependencies = (
			);
			name = DrawDemo;
			productName = DrawDemo;
			productReference = 3A34FF651CB507C7002421F4 /* DrawDemo.app */;
			productType = "com.apple.product-type.application";
		};
/* End PBXNativeTarget section */

/* Begin PBXProject section */
		3A34FF5D1CB507C7002421F4 /* Project object */ = {
			isa = PBXProject;
			attributes = {
				LastUpgradeCheck = 0730;
				ORGANIZATIONNAME = "hs sun";
				TargetAttributes = {
					3A34FF641CB507C7002421F4 = {
						CreatedOnToolsVersion = 7.3;
						DevelopmentTeam = 4Z352D79DP;
					};
				};
			};
			buildConfigurationList = 3A34FF601CB507C7002421F4 /* Build configuration list for PBXProject "DrawDemo" */;
			compatibilityVersion = "Xcode 3.2";
			developmentRegion = English;
			hasScannedForEncodings = 0;
			knownRegions = (
				en,
				Base,
			);
			mainGroup = 3A34FF5C1CB507C7002421F4;
			productRefGroup = 3A34FF661CB507C7002421F4 /* Products */;
			projectDirPath = "";
			projectRoot = "";
			targets = (
				3A34FF641CB507C7002421F4 /* DrawDemo */,
			);
		};
/* End PBXProject section */

/* Begin PBXResourcesBuildPhase section */
		3A34FF631CB507C7002421F4 /* Resources */ = {
			isa = PBXResourcesBuildPhase;
			buildActionMask = 2147483647;
			files = (
				3A34FF781CB507C7002421F4 /* LaunchScreen.storyboard in Resources */,
				3A34FF751CB507C7002421F4 /* Assets.xcassets in Resources */,
				3A34FF731CB507C7002421F4 /* Main.storyboard in Resources */,
			);
			runOnlyForDeploymentPostprocessing = 0;
		};
/* End PBXResourcesBuildPhase section */

/* Begin PBXSourcesBuildPhase section */
		3A34FF611CB507C7002421F4 /* Sources */ = {
			isa = PBXSourcesBuildPhase;
			buildActionMask = 2147483647;
			files = (
				3A34FF701CB507C7002421F4 /* ViewController.m in Sources */,
				3A4AA2D01CC73178001F2F96 /* TouchView.m in Sources */,
				3A34FF6D1CB507C7002421F4 /* AppDelegate.m in Sources */,
				3A34FF6A1CB507C7002421F4 /* main.m in Sources */,
				3A5B40431CB606FA00A8C876 /* MaskView.m in Sources */,
			);
			runOnlyForDeploymentPostprocessing = 0;
		};
/* End PBXSourcesBuildPhase section */

/* Begin PBXVariantGroup section */
		3A34FF711CB507C7002421F4 /* Main.storyboard */ = {
			isa = PBXVariantGroup;
			children = (
				3A34FF721CB507C7002421F4 /* Base */,
			);
			name = Main.storyboard;
			sourceTree = "<group>";
		};
		3A34FF761CB507C7002421F4 /* LaunchScreen.storyboard */ = {
			isa = PBXVariantGroup;
			children = (
				3A34FF771CB507C7002421F4 /* Base */,
			);
			name = LaunchScreen.storyboard;
			sourceTree = "<group>";
		};
/* End PBXVariantGroup section */

/* Begin XCBuildConfiguration section */
		3A34FF901CB507C7002421F4 /* Debug */ = {
			isa = XCBuildConfiguration;
			buildSettings = {
				ALWAYS_SEARCH_USER_PATHS = NO;
				CLANG_ANALYZER_NONNULL = YES;
				CLANG_CXX_LANGUAGE_STANDARD = "gnu++0x";
				CLANG_CXX_LIBRARY = "libc++";
				CLANG_ENABLE_MODULES = YES;
				CLANG_ENABLE_OBJC_ARC = YES;
				CLANG_WARN_BOOL_CONVERSION = YES;
				CLANG_WARN_CONSTANT_CONVERSION = YES;
				CLANG_WARN_DIRECT_OBJC_ISA_USAGE = YES_ERROR;
				CLANG_WARN_EMPTY_BODY = YES;
				CLANG_WARN_ENUM_CONVERSION = YES;
				CLANG_WARN_INT_CONVERSION = YES;
				CLANG_WARN_OBJC_ROOT_CLASS = YES_ERROR;
				CLANG_WARN_UNREACHABLE_CODE = YES;
				CLANG_WARN__DUPLICATE_METHOD_MATCH = YES;
				"CODE_SIGN_IDENTITY[sdk=iphoneos*]" = "iPhone Developer";
				COPY_PHASE_STRIP = NO;
				DEBUG_INFORMATION_FORMAT = dwarf;
				ENABLE_STRICT_OBJC_MSGSEND = YES;
				ENABLE_TESTABILITY = YES;
				GCC_C_LANGUAGE_STANDARD = gnu99;
				GCC_DYNAMIC_NO_PIC = NO;
				GCC_NO_COMMON_BLOCKS = YES;
				GCC_OPTIMIZATION_LEVEL = 0;
				GCC_PREPROCESSOR_DEFINITIONS = (
					"DEBUG=1",
					"$(inherited)",
				);
				GCC_WARN_64_TO_32_BIT_CONVERSION = YES;
				GCC_WARN_ABOUT_RETURN_TYPE = YES_ERROR;
				GCC_WARN_UNDECLARED_SELECTOR = YES;
				GCC_WARN_UNINITIALIZED_AUTOS = YES_AGGRESSIVE;
				GCC_WARN_UNUSED_FUNCTION = YES;
				GCC_WARN_UNUSED_VARIABLE = YES;
				IPHONEOS_DEPLOYMENT_TARGET = 9.3;
				MTL_ENABLE_DEBUG_INFO = YES;
				ONLY_ACTIVE_ARCH = YES;
				SDKROOT = iphoneos;
				TARGETED_DEVICE_FAMILY = "1,2";
			};
			name = Debug;
		};
		3A34FF911CB507C7002421F4 /* Release */ = {
			isa = XCBuildConfiguration;
			buildSettings = {
				ALWAYS_SEARCH_USER_PATHS = NO;
				CLANG_ANALYZER_NONNULL = YES;
				CLANG_CXX_LANGUAGE_STANDARD = "gnu++0x";
				CLANG_CXX_LIBRARY = "libc++";
				CLANG_ENABLE_MODULES = YES;
				CLANG_ENABLE_OBJC_ARC = YES;
				CLANG_WARN_BOOL_CONVERSION = YES;
				CLANG_WARN_CONSTANT_CONVERSION = YES;
				CLANG_WARN_DIRECT_OBJC_ISA_USAGE = YES_ERROR;
				CLANG_WARN_EMPTY_BODY = YES;
				CLANG_WARN_ENUM_CONVERSION = YES;
				CLANG_WARN_INT_CONVERSION = YES;
				CLANG_WARN_OBJC_ROOT_CLASS = YES_ERROR;
				CLANG_WARN_UNREACHABLE_CODE = YES;
				CLANG_WARN__DUPLICATE_METHOD_MATCH = YES;
				"CODE_SIGN_IDENTITY[sdk=iphoneos*]" = "iPhone Developer";
				COPY_PHASE_STRIP = NO;
				DEBUG_INFORMATION_FORMAT = "dwarf-with-dsym";
				ENABLE_NS_ASSERTIONS = NO;
				ENABLE_STRICT_OBJC_MSGSEND = YES;
				GCC_C_LANGUAGE_STANDARD = gnu99;
				GCC_NO_COMMON_BLOCKS = YES;
				GCC_WARN_64_TO_32_BIT_CONVERSION = YES;
				GCC_WARN_ABOUT_RETURN_TYPE = YES_ERROR;
				GCC_WARN_UNDECLARED_SELECTOR = YES;
				GCC_WARN_UNINITIALIZED_AUTOS = YES_AGGRESSIVE;
				GCC_WARN_UNUSED_FUNCTION = YES;
				GCC_WARN_UNUSED_VARIABLE = YES;
				IPHONEOS_DEPLOYMENT_TARGET = 9.3;
				MTL_ENABLE_DEBUG_INFO = NO;
				SDKROOT = iphoneos;
				TARGETED_DEVICE_FAMILY = "1,2";
				VALIDATE_PRODUCT = YES;
			};
			name = Release;
		};
		3A34FF931CB507C7002421F4 /* Debug */ = {
			isa = XCBuildConfiguration;
			buildSettings = {
				ASSETCATALOG_COMPILER_APPICON_NAME = AppIcon;
				CODE_SIGN_IDENTITY = "iPhone Developer";
				INFOPLIST_FILE = DrawDemo/Info.plist;
				IPHONEOS_DEPLOYMENT_TARGET = 9.1;
				LD_RUNPATH_SEARCH_PATHS = "$(inherited) @executable_path/Frameworks";
				PRODUCT_BUNDLE_IDENTIFIER = com.hs.sun;
				PRODUCT_NAME = "$(TARGET_NAME)";
			};
			name = Debug;
		};
		3A34FF941CB507C7002421F4 /* Release */ = {
			isa = XCBuildConfiguration;
			buildSettings = {
				ASSETCATALOG_COMPILER_APPICON_NAME = AppIcon;
				CODE_SIGN_IDENTITY = "iPhone Developer";
				INFOPLIST_FILE = DrawDemo/Info.plist;
				IPHONEOS_DEPLOYMENT_TARGET = 9.1;
				LD_RUNPATH_SEARCH_PATHS = "$(inherited) @executable_path/Frameworks";
				PRODUCT_BUNDLE_IDENTIFIER = com.hs.sun;
				PRODUCT_NAME = "$(TARGET_NAME)";
			};
			name = Release;
		};
/* End XCBuildConfiguration section */

/* Begin XCConfigurationList section */
		3A34FF601CB507C7002421F4 /* Build configuration list for PBXProject "DrawDemo" */ = {
			isa = XCConfigurationList;
			buildConfigurations = (
				3A34FF901CB507C7002421F4 /* Debug */,
				3A34FF911CB507C7002421F4 /* Release */,
			);
			defaultConfigurationIsVisible = 0;
			defaultConfigurationName = Release;
		};
		3A34FF921CB507C7002421F4 /* Build configuration list for PBXNativeTarget "DrawDemo" */ = {
			isa = XCConfigurationList;
			buildConfigurations = (
				3A34FF931CB507C7002421F4 /* Debug */,
				3A34FF941CB507C7002421F4 /* Release */,
			);
			defaultConfigurationIsVisible = 0;
			defaultConfigurationName = Release;
		};
/* End XCConfigurationList section */
	};
	rootObject = 3A34FF5D1CB507C7002421F4 /* Project object */;
}
